
Microsoft Visual Studio Solution File, Format Version 12.00
# Visual Studio Version 16
VisualStudioVersion = 16.0.29709.97
MinimumVisualStudioVersion = 10.0.40219.1
Project("{FAE04EC0-301F-11D3-BF4B-00C04F79EFBC}") = "MVCAppGitHub", "MVCAppGitHub\MVCAppGitHub.csproj", "{86B47A06-1CAB-46DE-A506-61DC0A972D34}"
EndProject
Global
	GlobalSection(SolutionConfigurationPlatforms) = preSolution
		Debug|Any CPU = Debug|Any CPU
		Release|Any CPU = Release|Any CPU
	EndGlobalSection
	GlobalSection(ProjectConfigurationPlatforms) = postSolution
		{86B47A06-1CAB-46DE-A506-61DC0A972D34}.Debug|Any CPU.ActiveCfg = Debug|Any CPU
		{86B47A06-1CAB-46DE-A506-61DC0A972D34}.Debug|Any CPU.Build.0 = Debug|Any CPU
		{86B47A06-1CAB-46DE-A506-61DC0A972D34}.Release|Any CPU.ActiveCfg = Release|Any CPU
		{86B47A06-1CAB-46DE-A506-61DC0A972D34}.Release|Any CPU.Build.0 = Release|Any CPU
	EndGlobalSection
	GlobalSection(SolutionProperties) = preSolution
		HideSolutionNode = FALSE
	EndGlobalSection
	GlobalSection(ExtensibilityGlobals) = postSolution
		SolutionGuid = {DFC2BED7-D386-492D-AAF8-1FED4A90B0C3}
	EndGlobalSection
EndGlobal
